
Microsoft Visual Studio Solution File, Format Version 12.00
# Visual Studio Version 16
VisualStudioVersion = 16.0.31702.278
MinimumVisualStudioVersion = 10.0.40219.1
Project("{FAE04EC0-301F-11D3-BF4B-00C04F79EFBC}") = "Control-Transporte", "Control-Transporte\Control-Transporte.csproj", "{ED84D0D4-5771-4402-984F-09B416F4C55C}"
EndProject
Global
	GlobalSection(SolutionConfigurationPlatforms) = preSolution
		Debug|Any CPU = Debug|Any CPU
		Release|Any CPU = Release|Any CPU
	EndGlobalSection
	GlobalSection(ProjectConfigurationPlatforms) = postSolution
		{ED84D0D4-5771-4402-984F-09B416F4C55C}.Debug|Any CPU.ActiveCfg = Debug|Any CPU
		{ED84D0D4-5771-4402-984F-09B416F4C55C}.Debug|Any CPU.Build.0 = Debug|Any CPU
		{ED84D0D4-5771-4402-984F-09B416F4C55C}.Release|Any CPU.ActiveCfg = Release|Any CPU
		{ED84D0D4-5771-4402-984F-09B416F4C55C}.Release|Any CPU.Build.0 = Release|Any CPU
	EndGlobalSection
	GlobalSection(SolutionProperties) = preSolution
		HideSolutionNode = FALSE
	EndGlobalSection
	GlobalSection(ExtensibilityGlobals) = postSolution
		SolutionGuid = {E0173A6F-3C8A-4904-B075-3981CB44C6EC}
	EndGlobalSection
EndGlobal
